
Microsoft Visual Studio Solution File, Format Version 12.00
# Visual Studio Version 17
VisualStudioVersion = 17.13.35919.96
MinimumVisualStudioVersion = 16.0.0.0
Project("{FAE04EC0-301F-11D3-BF4B-00C04F79EFBC}") = "BotSimZero.Windows", "BotSimZero.Windows\BotSimZero.Windows.csproj", "{8455A14E-766F-41F1-867A-677CDB1C56AF}"
EndProject
Project("{FAE04EC0-301F-11D3-BF4B-00C04F79EFBC}") = "BotSimZero", "BotSimZero\BotSimZero.csproj", "{F01AD039-D1A5-4CE3-A27A-E832D16BD206}"
EndProject
Project("{FAE04EC0-301F-11D3-BF4B-00C04F79EFBC}") = "SimuliEngine", "SimuliEngine\SimuliEngine.csproj", "{53E498EE-2B61-DFAB-9F19-BB1550EC10DD}"
EndProject
Project("{FAE04EC0-301F-11D3-BF4B-00C04F79EFBC}") = "SimuliEngineCli", "SimuliEngineCli\SimuliEngineCli.csproj", "{645E334C-7EAF-3DA3-DFFA-07E7C1B5200E}"
EndProject
Global
	GlobalSection(SolutionConfigurationPlatforms) = preSolution
		Debug|Any CPU = Debug|Any CPU
		Release|Any CPU = Release|Any CPU
	EndGlobalSection
	GlobalSection(ProjectConfigurationPlatforms) = postSolution
		{8455A14E-766F-41F1-867A-677CDB1C56AF}.Debug|Any CPU.ActiveCfg = Debug|Any CPU
		{8455A14E-766F-41F1-867A-677CDB1C56AF}.Debug|Any CPU.Build.0 = Debug|Any CPU
		{8455A14E-766F-41F1-867A-677CDB1C56AF}.Release|Any CPU.ActiveCfg = Release|Any CPU
		{8455A14E-766F-41F1-867A-677CDB1C56AF}.Release|Any CPU.Build.0 = Release|Any CPU
		{F01AD039-D1A5-4CE3-A27A-E832D16BD206}.Debug|Any CPU.ActiveCfg = Debug|Any CPU
		{F01AD039-D1A5-4CE3-A27A-E832D16BD206}.Debug|Any CPU.Build.0 = Debug|Any CPU
		{F01AD039-D1A5-4CE3-A27A-E832D16BD206}.Release|Any CPU.ActiveCfg = Release|Any CPU
		{F01AD039-D1A5-4CE3-A27A-E832D16BD206}.Release|Any CPU.Build.0 = Release|Any CPU
		{53E498EE-2B61-DFAB-9F19-BB1550EC10DD}.Debug|Any CPU.ActiveCfg = Debug|Any CPU
		{53E498EE-2B61-DFAB-9F19-BB1550EC10DD}.Debug|Any CPU.Build.0 = Debug|Any CPU
		{53E498EE-2B61-DFAB-9F19-BB1550EC10DD}.Release|Any CPU.ActiveCfg = Release|Any CPU
		{53E498EE-2B61-DFAB-9F19-BB1550EC10DD}.Release|Any CPU.Build.0 = Release|Any CPU
		{645E334C-7EAF-3DA3-DFFA-07E7C1B5200E}.Debug|Any CPU.ActiveCfg = Debug|Any CPU
		{645E334C-7EAF-3DA3-DFFA-07E7C1B5200E}.Debug|Any CPU.Build.0 = Debug|Any CPU
		{645E334C-7EAF-3DA3-DFFA-07E7C1B5200E}.Release|Any CPU.ActiveCfg = Release|Any CPU
		{645E334C-7EAF-3DA3-DFFA-07E7C1B5200E}.Release|Any CPU.Build.0 = Release|Any CPU
	EndGlobalSection
	GlobalSection(SolutionProperties) = preSolution
		HideSolutionNode = FALSE
	EndGlobalSection
	GlobalSection(ExtensibilityGlobals) = postSolution
		SolutionGuid = {537E489B-55E7-4AFC-8F0D-4510BF328671}
	EndGlobalSection
EndGlobal
